
Microsoft Visual Studio Solution File, Format Version 12.00
# Visual Studio 2012
Project("{FAE04EC0-301F-11D3-BF4B-00C04F79EFBC}") = "VMFirstNav", "VMFirstNav\VMFirstNav.csproj", "{3699E079-C180-4FD0-8E91-C1EE77BB6888}"
EndProject
Project("{FAE04EC0-301F-11D3-BF4B-00C04F79EFBC}") = "VMFirstNav.iOS", "iOS\VMFirstNav.iOS.csproj", "{1DDAE8F9-78F5-43E3-8F03-4AFF4F9452A0}"
EndProject
Project("{FAE04EC0-301F-11D3-BF4B-00C04F79EFBC}") = "VMFirstNav.Droid", "Droid\VMFirstNav.Droid.csproj", "{5E80110F-75C6-4E23-9176-ED9A836B61C0}"
EndProject
Global
	GlobalSection(SolutionConfigurationPlatforms) = preSolution
		Debug|Any CPU = Debug|Any CPU
		Release|Any CPU = Release|Any CPU
		Debug|iPhoneSimulator = Debug|iPhoneSimulator
		Release|iPhone = Release|iPhone
		Release|iPhoneSimulator = Release|iPhoneSimulator
		Debug|iPhone = Debug|iPhone
	EndGlobalSection
	GlobalSection(ProjectConfigurationPlatforms) = postSolution
		{1DDAE8F9-78F5-43E3-8F03-4AFF4F9452A0}.Debug|Any CPU.ActiveCfg = Debug|iPhoneSimulator
		{1DDAE8F9-78F5-43E3-8F03-4AFF4F9452A0}.Debug|Any CPU.Build.0 = Debug|iPhoneSimulator
		{1DDAE8F9-78F5-43E3-8F03-4AFF4F9452A0}.Debug|iPhone.ActiveCfg = Debug|iPhone
		{1DDAE8F9-78F5-43E3-8F03-4AFF4F9452A0}.Debug|iPhone.Build.0 = Debug|iPhone
		{1DDAE8F9-78F5-43E3-8F03-4AFF4F9452A0}.Debug|iPhoneSimulator.ActiveCfg = Debug|iPhoneSimulator
		{1DDAE8F9-78F5-43E3-8F03-4AFF4F9452A0}.Debug|iPhoneSimulator.Build.0 = Debug|iPhoneSimulator
		{1DDAE8F9-78F5-43E3-8F03-4AFF4F9452A0}.Release|Any CPU.ActiveCfg = Release|iPhone
		{1DDAE8F9-78F5-43E3-8F03-4AFF4F9452A0}.Release|Any CPU.Build.0 = Release|iPhone
		{1DDAE8F9-78F5-43E3-8F03-4AFF4F9452A0}.Release|iPhone.ActiveCfg = Release|iPhone
		{1DDAE8F9-78F5-43E3-8F03-4AFF4F9452A0}.Release|iPhone.Build.0 = Release|iPhone
		{1DDAE8F9-78F5-43E3-8F03-4AFF4F9452A0}.Release|iPhoneSimulator.ActiveCfg = Release|iPhoneSimulator
		{1DDAE8F9-78F5-43E3-8F03-4AFF4F9452A0}.Release|iPhoneSimulator.Build.0 = Release|iPhoneSimulator
		{3699E079-C180-4FD0-8E91-C1EE77BB6888}.Debug|Any CPU.ActiveCfg = Debug|Any CPU
		{3699E079-C180-4FD0-8E91-C1EE77BB6888}.Debug|Any CPU.Build.0 = Debug|Any CPU
		{3699E079-C180-4FD0-8E91-C1EE77BB6888}.Debug|iPhone.ActiveCfg = Debug|Any CPU
		{3699E079-C180-4FD0-8E91-C1EE77BB6888}.Debug|iPhone.Build.0 = Debug|Any CPU
		{3699E079-C180-4FD0-8E91-C1EE77BB6888}.Debug|iPhoneSimulator.ActiveCfg = Debug|Any CPU
		{3699E079-C180-4FD0-8E91-C1EE77BB6888}.Debug|iPhoneSimulator.Build.0 = Debug|Any CPU
		{3699E079-C180-4FD0-8E91-C1EE77BB6888}.Release|Any CPU.ActiveCfg = Release|Any CPU
		{3699E079-C180-4FD0-8E91-C1EE77BB6888}.Release|Any CPU.Build.0 = Release|Any CPU
		{3699E079-C180-4FD0-8E91-C1EE77BB6888}.Release|iPhone.ActiveCfg = Release|Any CPU
		{3699E079-C180-4FD0-8E91-C1EE77BB6888}.Release|iPhone.Build.0 = Release|Any CPU
		{3699E079-C180-4FD0-8E91-C1EE77BB6888}.Release|iPhoneSimulator.ActiveCfg = Release|Any CPU
		{3699E079-C180-4FD0-8E91-C1EE77BB6888}.Release|iPhoneSimulator.Build.0 = Release|Any CPU
		{5E80110F-75C6-4E23-9176-ED9A836B61C0}.Debug|Any CPU.ActiveCfg = Debug|Any CPU
		{5E80110F-75C6-4E23-9176-ED9A836B61C0}.Debug|Any CPU.Build.0 = Debug|Any CPU
		{5E80110F-75C6-4E23-9176-ED9A836B61C0}.Debug|iPhone.ActiveCfg = Debug|Any CPU
		{5E80110F-75C6-4E23-9176-ED9A836B61C0}.Debug|iPhone.Build.0 = Debug|Any CPU
		{5E80110F-75C6-4E23-9176-ED9A836B61C0}.Debug|iPhoneSimulator.ActiveCfg = Debug|Any CPU
		{5E80110F-75C6-4E23-9176-ED9A836B61C0}.Debug|iPhoneSimulator.Build.0 = Debug|Any CPU
		{5E80110F-75C6-4E23-9176-ED9A836B61C0}.Release|Any CPU.ActiveCfg = Release|Any CPU
		{5E80110F-75C6-4E23-9176-ED9A836B61C0}.Release|Any CPU.Build.0 = Release|Any CPU
		{5E80110F-75C6-4E23-9176-ED9A836B61C0}.Release|iPhone.ActiveCfg = Release|Any CPU
		{5E80110F-75C6-4E23-9176-ED9A836B61C0}.Release|iPhone.Build.0 = Release|Any CPU
		{5E80110F-75C6-4E23-9176-ED9A836B61C0}.Release|iPhoneSimulator.ActiveCfg = Release|Any CPU
		{5E80110F-75C6-4E23-9176-ED9A836B61C0}.Release|iPhoneSimulator.Build.0 = Release|Any CPU
	EndGlobalSection
EndGlobal
